// !$*UTF8*$!
{
	archiveVersion = 1;
	classes = {
	};
	objectVersion = 46;
	objects = {

/* Begin PBXBuildFile section */
		5387F21AA2D240B79078B3B9 /* libPods-boilerplateTests.a in Frameworks */ = {isa = PBXBuildFile; fileRef = 2FFC66BCB5B54D2DBE1EC453 /* libPods-boilerplateTests.a */; };
		D525BDE21945E947001FDFA4 /* SampleSpec.m in Sources */ = {isa = PBXBuildFile; fileRef = D525BDE11945E947001FDFA4 /* SampleSpec.m */; };
		D525BDEA1945FC22001FDFA4 /* AppDelegate.m in Sources */ = {isa = PBXBuildFile; fileRef = D525BDE61945FC22001FDFA4 /* AppDelegate.m */; };
		D525BDEB1945FC22001FDFA4 /* MainViewController.m in Sources */ = {isa = PBXBuildFile; fileRef = D525BDE91945FC22001FDFA4 /* MainViewController.m */; };
		D525BDEE1945FC74001FDFA4 /* Images.xcassets in Resources */ = {isa = PBXBuildFile; fileRef = D525BDED1945FC74001FDFA4 /* Images.xcassets */; };
		D525BE1A1945FFC9001FDFA4 /* Main_iPad.storyboard in Resources */ = {isa = PBXBuildFile; fileRef = D525BE161945FFC9001FDFA4 /* Main_iPad.storyboard */; };
		D525BE1B1945FFC9001FDFA4 /* Main_iPhone.storyboard in Resources */ = {isa = PBXBuildFile; fileRef = D525BE181945FFC9001FDFA4 /* Main_iPhone.storyboard */; };
		D525BE2D19460162001FDFA4 /* InfoPlist.strings in Resources */ = {isa = PBXBuildFile; fileRef = D525BE2B19460162001FDFA4 /* InfoPlist.strings */; };
		D525BE2F194601A7001FDFA4 /* main.m in Sources */ = {isa = PBXBuildFile; fileRef = D525BE2E194601A7001FDFA4 /* main.m */; };
		D525BE381947D489001FDFA4 /* DataModel.xcdatamodeld in Sources */ = {isa = PBXBuildFile; fileRef = D525BE361947D489001FDFA4 /* DataModel.xcdatamodeld */; };
		D5C03E26193CAC53000B0A1A /* Foundation.framework in Frameworks */ = {isa = PBXBuildFile; fileRef = D5C03E25193CAC53000B0A1A /* Foundation.framework */; };
		D5C03E28193CAC53000B0A1A /* CoreGraphics.framework in Frameworks */ = {isa = PBXBuildFile; fileRef = D5C03E27193CAC53000B0A1A /* CoreGraphics.framework */; };
		D5C03E2A193CAC53000B0A1A /* UIKit.framework in Frameworks */ = {isa = PBXBuildFile; fileRef = D5C03E29193CAC53000B0A1A /* UIKit.framework */; };
		D5C03E48193CAC53000B0A1A /* XCTest.framework in Frameworks */ = {isa = PBXBuildFile; fileRef = D5C03E47193CAC53000B0A1A /* XCTest.framework */; };
		D5C03E49193CAC53000B0A1A /* Foundation.framework in Frameworks */ = {isa = PBXBuildFile; fileRef = D5C03E25193CAC53000B0A1A /* Foundation.framework */; };
		D5C03E4A193CAC53000B0A1A /* UIKit.framework in Frameworks */ = {isa = PBXBuildFile; fileRef = D5C03E29193CAC53000B0A1A /* UIKit.framework */; };
		D5C03E52193CAC53000B0A1A /* InfoPlist.strings in Resources */ = {isa = PBXBuildFile; fileRef = D5C03E50193CAC53000B0A1A /* InfoPlist.strings */; };
/* End PBXBuildFile section */

/* Begin PBXContainerItemProxy section */
		D5C03E4B193CAC53000B0A1A /* PBXContainerItemProxy */ = {
			isa = PBXContainerItemProxy;
			containerPortal = D5C03E1A193CAC53000B0A1A /* Project object */;
			proxyType = 1;
			remoteGlobalIDString = D5C03E21193CAC53000B0A1A;
			remoteInfo = boilerplate;
		};
/* End PBXContainerItemProxy section */

/* Begin PBXFileReference section */
		2FFC66BCB5B54D2DBE1EC453 /* libPods-boilerplateTests.a */ = {isa = PBXFileReference; explicitFileType = archive.ar; includeInIndex = 0; path = "libPods-boilerplateTests.a"; sourceTree = BUILT_PRODUCTS_DIR; };
		D525BDE11945E947001FDFA4 /* SampleSpec.m */ = {isa = PBXFileReference; fileEncoding = 4; lastKnownFileType = sourcecode.c.objc; path = SampleSpec.m; sourceTree = "<group>"; };
		D525BDE51945FC22001FDFA4 /* AppDelegate.h */ = {isa = PBXFileReference; fileEncoding = 4; lastKnownFileType = sourcecode.c.h; path = AppDelegate.h; sourceTree = "<group>"; };
		D525BDE61945FC22001FDFA4 /* AppDelegate.m */ = {isa = PBXFileReference; fileEncoding = 4; lastKnownFileType = sourcecode.c.objc; path = AppDelegate.m; sourceTree = "<group>"; };
		D525BDE81945FC22001FDFA4 /* MainViewController.h */ = {isa = PBXFileReference; fileEncoding = 4; lastKnownFileType = sourcecode.c.h; path = MainViewController.h; sourceTree = "<group>"; };
		D525BDE91945FC22001FDFA4 /* MainViewController.m */ = {isa = PBXFileReference; fileEncoding = 4; lastKnownFileType = sourcecode.c.objc; path = MainViewController.m; sourceTree = "<group>"; };
		D525BDED1945FC74001FDFA4 /* Images.xcassets */ = {isa = PBXFileReference; lastKnownFileType = folder.assetcatalog; path = Images.xcassets; sourceTree = "<group>"; };
		D525BE171945FFC9001FDFA4 /* Base */ = {isa = PBXFileReference; lastKnownFileType = file.storyboard; name = Base; path = Base.lproj/Main_iPad.storyboard; sourceTree = "<group>"; };
		D525BE191945FFC9001FDFA4 /* Base */ = {isa = PBXFileReference; lastKnownFileType = file.storyboard; name = Base; path = Base.lproj/Main_iPhone.storyboard; sourceTree = "<group>"; };
		D525BE2C19460162001FDFA4 /* en */ = {isa = PBXFileReference; lastKnownFileType = text.plist.strings; name = en; path = "Supporting Files/en.lproj/InfoPlist.strings"; sourceTree = "<group>"; };
		D525BE2E194601A7001FDFA4 /* main.m */ = {isa = PBXFileReference; fileEncoding = 4; lastKnownFileType = sourcecode.c.objc; name = main.m; path = "Supporting Files/main.m"; sourceTree = "<group>"; };
		D525BE371947D489001FDFA4 /* DataModel.xcdatamodel */ = {isa = PBXFileReference; lastKnownFileType = wrapper.xcdatamodel; path = DataModel.xcdatamodel; sourceTree = "<group>"; };
		D5C03E22193CAC53000B0A1A /* boilerplate.app */ = {isa = PBXFileReference; explicitFileType = wrapper.application; includeInIndex = 0; path = boilerplate.app; sourceTree = BUILT_PRODUCTS_DIR; };
		D5C03E25193CAC53000B0A1A /* Foundation.framework */ = {isa = PBXFileReference; lastKnownFileType = wrapper.framework; name = Foundation.framework; path = System/Library/Frameworks/Foundation.framework; sourceTree = SDKROOT; };
		D5C03E27193CAC53000B0A1A /* CoreGraphics.framework */ = {isa = PBXFileReference; lastKnownFileType = wrapper.framework; name = CoreGraphics.framework; path = System/Library/Frameworks/CoreGraphics.framework; sourceTree = SDKROOT; };
		D5C03E29193CAC53000B0A1A /* UIKit.framework */ = {isa = PBXFileReference; lastKnownFileType = wrapper.framework; name = UIKit.framework; path = System/Library/Frameworks/UIKit.framework; sourceTree = SDKROOT; };
		D5C03E2D193CAC53000B0A1A /* boilerplate-Info.plist */ = {isa = PBXFileReference; lastKnownFileType = text.plist.xml; path = "boilerplate-Info.plist"; sourceTree = "<group>"; };
		D5C03E33193CAC53000B0A1A /* boilerplate-Prefix.pch */ = {isa = PBXFileReference; lastKnownFileType = sourcecode.c.h; path = "boilerplate-Prefix.pch"; sourceTree = "<group>"; };
		D5C03E46193CAC53000B0A1A /* boilerplateTests.xctest */ = {isa = PBXFileReference; explicitFileType = wrapper.cfbundle; includeInIndex = 0; path = boilerplateTests.xctest; sourceTree = BUILT_PRODUCTS_DIR; };
		D5C03E47193CAC53000B0A1A /* XCTest.framework */ = {isa = PBXFileReference; lastKnownFileType = wrapper.framework; name = XCTest.framework; path = Library/Frameworks/XCTest.framework; sourceTree = DEVELOPER_DIR; };
		D5C03E4F193CAC53000B0A1A /* boilerplateTests-Info.plist */ = {isa = PBXFileReference; lastKnownFileType = text.plist.xml; path = "boilerplateTests-Info.plist"; sourceTree = "<group>"; };
		D5C03E51193CAC53000B0A1A /* en */ = {isa = PBXFileReference; lastKnownFileType = text.plist.strings; name = en; path = en.lproj/InfoPlist.strings; sourceTree = "<group>"; };
		F1929B794BEC41D9922C769C /* libPods-boilerplate.a */ = {isa = PBXFileReference; explicitFileType = archive.ar; includeInIndex = 0; path = "libPods-boilerplate.a"; sourceTree = BUILT_PRODUCTS_DIR; };
/* End PBXFileReference section */

/* Begin PBXFrameworksBuildPhase section */
		D5C03E1F193CAC53000B0A1A /* Frameworks */ = {
			isa = PBXFrameworksBuildPhase;
			buildActionMask = 2147483647;
			files = (
				D5C03E28193CAC53000B0A1A /* CoreGraphics.framework in Frameworks */,
				D5C03E2A193CAC53000B0A1A /* UIKit.framework in Frameworks */,
				D5C03E26193CAC53000B0A1A /* Foundation.framework in Frameworks */,
			);
			runOnlyForDeploymentPostprocessing = 0;
		};
		D5C03E43193CAC53000B0A1A /* Frameworks */ = {
			isa = PBXFrameworksBuildPhase;
			buildActionMask = 2147483647;
			files = (
				D5C03E48193CAC53000B0A1A /* XCTest.framework in Frameworks */,
				D5C03E4A193CAC53000B0A1A /* UIKit.framework in Frameworks */,
				D5C03E49193CAC53000B0A1A /* Foundation.framework in Frameworks */,
				5387F21AA2D240B79078B3B9 /* libPods-boilerplateTests.a in Frameworks */,
			);
			runOnlyForDeploymentPostprocessing = 0;
		};
/* End PBXFrameworksBuildPhase section */

/* Begin PBXGroup section */
		D525BDE31945FC22001FDFA4 /* Classes */ = {
			isa = PBXGroup;
			children = (
				D525BDE41945FC22001FDFA4 /* AppDelegate */,
				D525BDE71945FC22001FDFA4 /* Controllers */,
				D525BE351947D489001FDFA4 /* Models */,
			);
			path = Classes;
			sourceTree = "<group>";
		};
		D525BDE41945FC22001FDFA4 /* AppDelegate */ = {
			isa = PBXGroup;
			children = (
				D525BDE51945FC22001FDFA4 /* AppDelegate.h */,
				D525BDE61945FC22001FDFA4 /* AppDelegate.m */,
			);
			path = AppDelegate;
			sourceTree = "<group>";
		};
		D525BDE71945FC22001FDFA4 /* Controllers */ = {
			isa = PBXGroup;
			children = (
				D525BDE81945FC22001FDFA4 /* MainViewController.h */,
				D525BDE91945FC22001FDFA4 /* MainViewController.m */,
			);
			path = Controllers;
			sourceTree = "<group>";
		};
		D525BDEC1945FC74001FDFA4 /* Resources */ = {
			isa = PBXGroup;
			children = (
				D525BE161945FFC9001FDFA4 /* Main_iPad.storyboard */,
				D525BE181945FFC9001FDFA4 /* Main_iPhone.storyboard */,
				D525BDED1945FC74001FDFA4 /* Images.xcassets */,
			);
			path = Resources;
			sourceTree = "<group>";
		};
		D525BE351947D489001FDFA4 /* Models */ = {
			isa = PBXGroup;
			children = (
				D525BE361947D489001FDFA4 /* DataModel.xcdatamodeld */,
			);
			path = Models;
			sourceTree = "<group>";
		};
		D5C03E19193CAC53000B0A1A = {
			isa = PBXGroup;
			children = (
				D5C03E2B193CAC53000B0A1A /* boilerplate */,
				D5C03E4D193CAC53000B0A1A /* boilerplateTests */,
				D5C03E24193CAC53000B0A1A /* Frameworks */,
				D5C03E23193CAC53000B0A1A /* Products */,
			);
			sourceTree = "<group>";
		};
		D5C03E23193CAC53000B0A1A /* Products */ = {
			isa = PBXGroup;
			children = (
				D5C03E22193CAC53000B0A1A /* boilerplate.app */,
				D5C03E46193CAC53000B0A1A /* boilerplateTests.xctest */,
			);
			name = Products;
			sourceTree = "<group>";
		};
		D5C03E24193CAC53000B0A1A /* Frameworks */ = {
			isa = PBXGroup;
			children = (
				D5C03E25193CAC53000B0A1A /* Foundation.framework */,
				D5C03E27193CAC53000B0A1A /* CoreGraphics.framework */,
				D5C03E29193CAC53000B0A1A /* UIKit.framework */,
				D5C03E47193CAC53000B0A1A /* XCTest.framework */,
				F1929B794BEC41D9922C769C /* libPods-boilerplate.a */,
				2FFC66BCB5B54D2DBE1EC453 /* libPods-boilerplateTests.a */,
			);
			name = Frameworks;
			sourceTree = "<group>";
		};
		D5C03E2B193CAC53000B0A1A /* boilerplate */ = {
			isa = PBXGroup;
			children = (
				D525BDE31945FC22001FDFA4 /* Classes */,
				D525BDEC1945FC74001FDFA4 /* Resources */,
				D5C03E2C193CAC53000B0A1A /* Supporting Files */,
			);
			path = boilerplate;
			sourceTree = "<group>";
		};
		D5C03E2C193CAC53000B0A1A /* Supporting Files */ = {
			isa = PBXGroup;
			children = (
				D525BE2E194601A7001FDFA4 /* main.m */,
				D525BE2B19460162001FDFA4 /* InfoPlist.strings */,
				D5C03E2D193CAC53000B0A1A /* boilerplate-Info.plist */,
				D5C03E33193CAC53000B0A1A /* boilerplate-Prefix.pch */,
			);
			name = "Supporting Files";
			sourceTree = "<group>";
		};
		D5C03E4D193CAC53000B0A1A /* boilerplateTests */ = {
			isa = PBXGroup;
			children = (
				D525BDE11945E947001FDFA4 /* SampleSpec.m */,
				D5C03E4E193CAC53000B0A1A /* Supporting Files */,
			);
			path = boilerplateTests;
			sourceTree = "<group>";
		};
		D5C03E4E193CAC53000B0A1A /* Supporting Files */ = {
			isa = PBXGroup;
			children = (
				D5C03E4F193CAC53000B0A1A /* boilerplateTests-Info.plist */,
				D5C03E50193CAC53000B0A1A /* InfoPlist.strings */,
			);
			name = "Supporting Files";
			sourceTree = "<group>";
		};
/* End PBXGroup section */

/* Begin PBXNativeTarget section */
		D5C03E21193CAC53000B0A1A /* boilerplate */ = {
			isa = PBXNativeTarget;
			buildConfigurationList = D5C03E57193CAC53000B0A1A /* Build configuration list for PBXNativeTarget "boilerplate" */;
			buildPhases = (
				D5C03E1E193CAC53000B0A1A /* Sources */,
				D5C03E1F193CAC53000B0A1A /* Frameworks */,
				D5C03E20193CAC53000B0A1A /* Resources */,
			);
			buildRules = (
			);
			dependencies = (
			);
			name = boilerplate;
			productName = boilerplate;
			productReference = D5C03E22193CAC53000B0A1A /* boilerplate.app */;
			productType = "com.apple.product-type.application";
		};
		D5C03E45193CAC53000B0A1A /* boilerplateTests */ = {
			isa = PBXNativeTarget;
			buildConfigurationList = D5C03E5A193CAC53000B0A1A /* Build configuration list for PBXNativeTarget "boilerplateTests" */;
			buildPhases = (
				4677C6DCDBE64701989DD314 /* Check Pods Manifest.lock */,
				D5C03E42193CAC53000B0A1A /* Sources */,
				D5C03E43193CAC53000B0A1A /* Frameworks */,
				D5C03E44193CAC53000B0A1A /* Resources */,
				C3B8EEDC99AB477BB6A45484 /* Copy Pods Resources */,
			);
			buildRules = (
			);
			dependencies = (
				D5C03E4C193CAC53000B0A1A /* PBXTargetDependency */,
			);
			name = boilerplateTests;
			productName = boilerplateTests;
			productReference = D5C03E46193CAC53000B0A1A /* boilerplateTests.xctest */;
			productType = "com.apple.product-type.bundle.unit-test";
		};
/* End PBXNativeTarget section */

/* Begin PBXProject section */
		D5C03E1A193CAC53000B0A1A /* Project object */ = {
			isa = PBXProject;
			attributes = {
				CLASSPREFIX = loop;
				LastUpgradeCheck = 0510;
				ORGANIZATIONNAME = ch.epfl;
				TargetAttributes = {
					D5C03E45193CAC53000B0A1A = {
						TestTargetID = D5C03E21193CAC53000B0A1A;
					};
				};
			};
			buildConfigurationList = D5C03E1D193CAC53000B0A1A /* Build configuration list for PBXProject "boilerplate" */;
			compatibilityVersion = "Xcode 3.2";
			developmentRegion = English;
			hasScannedForEncodings = 0;
			knownRegions = (
				en,
				Base,
			);
			mainGroup = D5C03E19193CAC53000B0A1A;
			productRefGroup = D5C03E23193CAC53000B0A1A /* Products */;
			projectDirPath = "";
			projectRoot = "";
			targets = (
				D5C03E21193CAC53000B0A1A /* boilerplate */,
				D5C03E45193CAC53000B0A1A /* boilerplateTests */,
			);
		};
/* End PBXProject section */

/* Begin PBXResourcesBuildPhase section */
		D5C03E20193CAC53000B0A1A /* Resources */ = {
			isa = PBXResourcesBuildPhase;
			buildActionMask = 2147483647;
			files = (
				D525BE1B1945FFC9001FDFA4 /* Main_iPhone.storyboard in Resources */,
				D525BE2D19460162001FDFA4 /* InfoPlist.strings in Resources */,
				D525BE1A1945FFC9001FDFA4 /* Main_iPad.storyboard in Resources */,
				D525BDEE1945FC74001FDFA4 /* Images.xcassets in Resources */,
			);
			runOnlyForDeploymentPostprocessing = 0;
		};
		D5C03E44193CAC53000B0A1A /* Resources */ = {
			isa = PBXResourcesBuildPhase;
			buildActionMask = 2147483647;
			files = (
				D5C03E52193CAC53000B0A1A /* InfoPlist.strings in Resources */,
			);
			runOnlyForDeploymentPostprocessing = 0;
		};
/* End PBXResourcesBuildPhase section */

/* Begin PBXShellScriptBuildPhase section */
		4677C6DCDBE64701989DD314 /* Check Pods Manifest.lock */ = {
			isa = PBXShellScriptBuildPhase;
			buildActionMask = 2147483647;
			files = (
			);
			inputPaths = (
			);
			name = "Check Pods Manifest.lock";
			outputPaths = (
			);
			runOnlyForDeploymentPostprocessing = 0;
			shellPath = /bin/sh;
			shellScript = "diff \"${PODS_ROOT}/../Podfile.lock\" \"${PODS_ROOT}/Manifest.lock\" > /dev/null\nif [[ $? != 0 ]] ; then\n    cat << EOM\nerror: The sandbox is not in sync with the Podfile.lock. Run 'pod install' or update your CocoaPods installation.\nEOM\n    exit 1\nfi\n";
			showEnvVarsInLog = 0;
		};
		C3B8EEDC99AB477BB6A45484 /* Copy Pods Resources */ = {
			isa = PBXShellScriptBuildPhase;
			buildActionMask = 2147483647;
			files = (
			);
			inputPaths = (
			);
			name = "Copy Pods Resources";
			outputPaths = (
			);
			runOnlyForDeploymentPostprocessing = 0;
			shellPath = /bin/sh;
			shellScript = "\"${SRCROOT}/Pods/Pods-boilerplateTests-resources.sh\"\n";
			showEnvVarsInLog = 0;
		};
/* End PBXShellScriptBuildPhase section */

/* Begin PBXSourcesBuildPhase section */
		D5C03E1E193CAC53000B0A1A /* Sources */ = {
			isa = PBXSourcesBuildPhase;
			buildActionMask = 2147483647;
			files = (
				D525BDEA1945FC22001FDFA4 /* AppDelegate.m in Sources */,
				D525BE381947D489001FDFA4 /* DataModel.xcdatamodeld in Sources */,
				D525BE2F194601A7001FDFA4 /* main.m in Sources */,
				D525BDEB1945FC22001FDFA4 /* MainViewController.m in Sources */,
			);
			runOnlyForDeploymentPostprocessing = 0;
		};
		D5C03E42193CAC53000B0A1A /* Sources */ = {
			isa = PBXSourcesBuildPhase;
			buildActionMask = 2147483647;
			files = (
				D525BDE21945E947001FDFA4 /* SampleSpec.m in Sources */,
			);
			runOnlyForDeploymentPostprocessing = 0;
		};
/* End PBXSourcesBuildPhase section */

/* Begin PBXTargetDependency section */
		D5C03E4C193CAC53000B0A1A /* PBXTargetDependency */ = {
			isa = PBXTargetDependency;
			target = D5C03E21193CAC53000B0A1A /* boilerplate */;
			targetProxy = D5C03E4B193CAC53000B0A1A /* PBXContainerItemProxy */;
		};
/* End PBXTargetDependency section */

/* Begin PBXVariantGroup section */
		D525BE161945FFC9001FDFA4 /* Main_iPad.storyboard */ = {
			isa = PBXVariantGroup;
			children = (
				D525BE171945FFC9001FDFA4 /* Base */,
			);
			name = Main_iPad.storyboard;
			sourceTree = "<group>";
		};
		D525BE181945FFC9001FDFA4 /* Main_iPhone.storyboard */ = {
			isa = PBXVariantGroup;
			children = (
				D525BE191945FFC9001FDFA4 /* Base */,
			);
			name = Main_iPhone.storyboard;
			sourceTree = "<group>";
		};
		D525BE2B19460162001FDFA4 /* InfoPlist.strings */ = {
			isa = PBXVariantGroup;
			children = (
				D525BE2C19460162001FDFA4 /* en */,
			);
			name = InfoPlist.strings;
			sourceTree = "<group>";
		};
		D5C03E50193CAC53000B0A1A /* InfoPlist.strings */ = {
			isa = PBXVariantGroup;
			children = (
				D5C03E51193CAC53000B0A1A /* en */,
			);
			name = InfoPlist.strings;
			sourceTree = "<group>";
		};
/* End PBXVariantGroup section */

/* Begin XCBuildConfiguration section */
		D5C03E55193CAC53000B0A1A /* Debug */ = {
			isa = XCBuildConfiguration;
			buildSettings = {
				ALWAYS_SEARCH_USER_PATHS = NO;
				CLANG_CXX_LANGUAGE_STANDARD = "gnu++0x";
				CLANG_CXX_LIBRARY = "libc++";
				CLANG_ENABLE_MODULES = YES;
				CLANG_ENABLE_OBJC_ARC = YES;
				CLANG_WARN_BOOL_CONVERSION = YES;
				CLANG_WARN_CONSTANT_CONVERSION = YES;
				CLANG_WARN_DIRECT_OBJC_ISA_USAGE = YES_ERROR;
				CLANG_WARN_EMPTY_BODY = YES;
				CLANG_WARN_ENUM_CONVERSION = YES;
				CLANG_WARN_INT_CONVERSION = YES;
				CLANG_WARN_OBJC_ROOT_CLASS = YES_ERROR;
				CLANG_WARN__DUPLICATE_METHOD_MATCH = YES;
				"CODE_SIGN_IDENTITY[sdk=iphoneos*]" = "iPhone Developer";
				COPY_PHASE_STRIP = NO;
				GCC_C_LANGUAGE_STANDARD = gnu99;
				GCC_DYNAMIC_NO_PIC = NO;
				GCC_OPTIMIZATION_LEVEL = 0;
				GCC_PREPROCESSOR_DEFINITIONS = (
					"DEBUG=1",
					"$(inherited)",
				);
				GCC_SYMBOLS_PRIVATE_EXTERN = NO;
				GCC_WARN_64_TO_32_BIT_CONVERSION = YES;
				GCC_WARN_ABOUT_RETURN_TYPE = YES_ERROR;
				GCC_WARN_UNDECLARED_SELECTOR = YES;
				GCC_WARN_UNINITIALIZED_AUTOS = YES_AGGRESSIVE;
				GCC_WARN_UNUSED_FUNCTION = YES;
				GCC_WARN_UNUSED_VARIABLE = YES;
				IPHONEOS_DEPLOYMENT_TARGET = 7.1;
				ONLY_ACTIVE_ARCH = YES;
				SDKROOT = iphoneos;
				TARGETED_DEVICE_FAMILY = "1,2";
			};
			name = Debug;
		};
		D5C03E56193CAC53000B0A1A /* Release */ = {
			isa = XCBuildConfiguration;
			buildSettings = {
				ALWAYS_SEARCH_USER_PATHS = NO;
				CLANG_CXX_LANGUAGE_STANDARD = "gnu++0x";
				CLANG_CXX_LIBRARY = "libc++";
				CLANG_ENABLE_MODULES = YES;
				CLANG_ENABLE_OBJC_ARC = YES;
				CLANG_WARN_BOOL_CONVERSION = YES;
				CLANG_WARN_CONSTANT_CONVERSION = YES;
				CLANG_WARN_DIRECT_OBJC_ISA_USAGE = YES_ERROR;
				CLANG_WARN_EMPTY_BODY = YES;
				CLANG_WARN_ENUM_CONVERSION = YES;
				CLANG_WARN_INT_CONVERSION = YES;
				CLANG_WARN_OBJC_ROOT_CLASS = YES_ERROR;
				CLANG_WARN__DUPLICATE_METHOD_MATCH = YES;
				"CODE_SIGN_IDENTITY[sdk=iphoneos*]" = "iPhone Developer";
				COPY_PHASE_STRIP = YES;
				ENABLE_NS_ASSERTIONS = NO;
				GCC_C_LANGUAGE_STANDARD = gnu99;
				GCC_WARN_64_TO_32_BIT_CONVERSION = YES;
				GCC_WARN_ABOUT_RETURN_TYPE = YES_ERROR;
				GCC_WARN_UNDECLARED_SELECTOR = YES;
				GCC_WARN_UNINITIALIZED_AUTOS = YES_AGGRESSIVE;
				GCC_WARN_UNUSED_FUNCTION = YES;
				GCC_WARN_UNUSED_VARIABLE = YES;
				IPHONEOS_DEPLOYMENT_TARGET = 7.1;
				SDKROOT = iphoneos;
				TARGETED_DEVICE_FAMILY = "1,2";
				VALIDATE_PRODUCT = YES;
			};
			name = Release;
		};
		D5C03E58193CAC53000B0A1A /* Debug */ = {
			isa = XCBuildConfiguration;
			buildSettings = {
				ASSETCATALOG_COMPILER_APPICON_NAME = AppIcon;
				ASSETCATALOG_COMPILER_LAUNCHIMAGE_NAME = LaunchImage;
				GCC_PRECOMPILE_PREFIX_HEADER = YES;
				GCC_PREFIX_HEADER = "boilerplate/boilerplate-Prefix.pch";
				INFOPLIST_FILE = "boilerplate/boilerplate-Info.plist";
				PRODUCT_NAME = "$(TARGET_NAME)";
				WRAPPER_EXTENSION = app;
			};
			name = Debug;
		};
		D5C03E59193CAC53000B0A1A /* Release */ = {
			isa = XCBuildConfiguration;
			buildSettings = {
				ASSETCATALOG_COMPILER_APPICON_NAME = AppIcon;
				ASSETCATALOG_COMPILER_LAUNCHIMAGE_NAME = LaunchImage;
				GCC_PRECOMPILE_PREFIX_HEADER = YES;
				GCC_PREFIX_HEADER = "boilerplate/boilerplate-Prefix.pch";
				INFOPLIST_FILE = "boilerplate/boilerplate-Info.plist";
				PRODUCT_NAME = "$(TARGET_NAME)";
				WRAPPER_EXTENSION = app;
			};
			name = Release;
		};
		D5C03E5B193CAC53000B0A1A /* Debug */ = {
			isa = XCBuildConfiguration;
			buildSettings = {
				BUNDLE_LOADER = "$(BUILT_PRODUCTS_DIR)/boilerplate.app/boilerplate";
				FRAMEWORK_SEARCH_PATHS = (
					"$(SDKROOT)/Developer/Library/Frameworks",
					"$(inherited)",
					"$(DEVELOPER_FRAMEWORKS_DIR)",
				);
				GCC_PRECOMPILE_PREFIX_HEADER = YES;
				GCC_PREFIX_HEADER = "boilerplate/boilerplate-Prefix.pch";
				GCC_PREPROCESSOR_DEFINITIONS = (
					"DEBUG=1",
					"$(inherited)",
				);
				INFOPLIST_FILE = "boilerplateTests/boilerplateTests-Info.plist";
				OTHER_LDFLAGS = (
					"-ObjC",
					"-framework",
					XCTest,
				);
				PRODUCT_NAME = "$(TARGET_NAME)";
				TEST_HOST = "$(BUNDLE_LOADER)";
				WRAPPER_EXTENSION = xctest;
			};
			name = Debug;
		};
		D5C03E5C193CAC53000B0A1A /* Release */ = {
			isa = XCBuildConfiguration;
			buildSettings = {
				BUNDLE_LOADER = "$(BUILT_PRODUCTS_DIR)/boilerplate.app/boilerplate";
				FRAMEWORK_SEARCH_PATHS = (
					"$(SDKROOT)/Developer/Library/Frameworks",
					"$(inherited)",
					"$(DEVELOPER_FRAMEWORKS_DIR)",
				);
				GCC_PRECOMPILE_PREFIX_HEADER = YES;
				GCC_PREFIX_HEADER = "boilerplate/boilerplate-Prefix.pch";
				INFOPLIST_FILE = "boilerplateTests/boilerplateTests-Info.plist";
				OTHER_LDFLAGS = (
					"-ObjC",
					"-framework",
					XCTest,
				);
				PRODUCT_NAME = "$(TARGET_NAME)";
				TEST_HOST = "$(BUNDLE_LOADER)";
				WRAPPER_EXTENSION = xctest;
			};
			name = Release;
		};
/* End XCBuildConfiguration section */

/* Begin XCConfigurationList section */
		D5C03E1D193CAC53000B0A1A /* Build configuration list for PBXProject "boilerplate" */ = {
			isa = XCConfigurationList;
			buildConfigurations = (
				D5C03E55193CAC53000B0A1A /* Debug */,
				D5C03E56193CAC53000B0A1A /* Release */,
			);
			defaultConfigurationIsVisible = 0;
			defaultConfigurationName = Release;
		};
		D5C03E57193CAC53000B0A1A /* Build configuration list for PBXNativeTarget "boilerplate" */ = {
			isa = XCConfigurationList;
			buildConfigurations = (
				D5C03E58193CAC53000B0A1A /* Debug */,
				D5C03E59193CAC53000B0A1A /* Release */,
			);
			defaultConfigurationIsVisible = 0;
			defaultConfigurationName = Release;
		};
		D5C03E5A193CAC53000B0A1A /* Build configuration list for PBXNativeTarget "boilerplateTests" */ = {
			isa = XCConfigurationList;
			buildConfigurations = (
				D5C03E5B193CAC53000B0A1A /* Debug */,
				D5C03E5C193CAC53000B0A1A /* Release */,
			);
			defaultConfigurationIsVisible = 0;
			defaultConfigurationName = Release;
		};
/* End XCConfigurationList section */

/* Begin XCVersionGroup section */
		D525BE361947D489001FDFA4 /* DataModel.xcdatamodeld */ = {
			isa = XCVersionGroup;
			children = (
				D525BE371947D489001FDFA4 /* DataModel.xcdatamodel */,
			);
			currentVersion = D525BE371947D489001FDFA4 /* DataModel.xcdatamodel */;
			path = DataModel.xcdatamodeld;
			sourceTree = "<group>";
			versionGroupType = wrapper.xcdatamodel;
		};
/* End XCVersionGroup section */
	};
	rootObject = D5C03E1A193CAC53000B0A1A /* Project object */;
}
